
Microsoft Visual Studio Solution File, Format Version 12.00
# Visual Studio 15
Project("{FAE04EC0-301F-11D3-BF4B-00C04F79EFBC}") = "Embodied-Fiter", "Embodied-Fiter.csproj", "{EC6106AA-2A2D-D47B-909C-8391FF2A277B}"
EndProject
Project("{FAE04EC0-301F-11D3-BF4B-00C04F79EFBC}") = "Embodied-Fiter.Plugins", "Embodied-Fiter.Plugins.csproj", "{E6537AC7-D6F6-71B6-701E-64FA891D444F}"
EndProject
Project("{FAE04EC0-301F-11D3-BF4B-00C04F79EFBC}") = "Embodied-Fiter.Editor", "Embodied-Fiter.Editor.csproj", "{93BA36DE-7639-BBD3-252A-551EB146921A}"
EndProject
Project("{FAE04EC0-301F-11D3-BF4B-00C04F79EFBC}") = "Embodied-Fiter.Editor.Plugins", "Embodied-Fiter.Editor.Plugins.csproj", "{10DF2CB6-3675-1BC9-E285-6A2453BCC795}"
EndProject
Global
	GlobalSection(SolutionConfigurationPlatforms) = preSolution
		Debug|Any CPU = Debug|Any CPU
		Release|Any CPU = Release|Any CPU
	EndGlobalSection
	GlobalSection(ProjectConfigurationPlatforms) = postSolution
		{EC6106AA-2A2D-D47B-909C-8391FF2A277B}.Debug|Any CPU.ActiveCfg = Debug|Any CPU
		{EC6106AA-2A2D-D47B-909C-8391FF2A277B}.Debug|Any CPU.Build.0 = Debug|Any CPU
		{EC6106AA-2A2D-D47B-909C-8391FF2A277B}.Release|Any CPU.ActiveCfg = Release|Any CPU
		{EC6106AA-2A2D-D47B-909C-8391FF2A277B}.Release|Any CPU.Build.0 = Release|Any CPU
		{E6537AC7-D6F6-71B6-701E-64FA891D444F}.Debug|Any CPU.ActiveCfg = Debug|Any CPU
		{E6537AC7-D6F6-71B6-701E-64FA891D444F}.Debug|Any CPU.Build.0 = Debug|Any CPU
		{E6537AC7-D6F6-71B6-701E-64FA891D444F}.Release|Any CPU.ActiveCfg = Release|Any CPU
		{E6537AC7-D6F6-71B6-701E-64FA891D444F}.Release|Any CPU.Build.0 = Release|Any CPU
		{93BA36DE-7639-BBD3-252A-551EB146921A}.Debug|Any CPU.ActiveCfg = Debug|Any CPU
		{93BA36DE-7639-BBD3-252A-551EB146921A}.Debug|Any CPU.Build.0 = Debug|Any CPU
		{93BA36DE-7639-BBD3-252A-551EB146921A}.Release|Any CPU.ActiveCfg = Release|Any CPU
		{93BA36DE-7639-BBD3-252A-551EB146921A}.Release|Any CPU.Build.0 = Release|Any CPU
		{10DF2CB6-3675-1BC9-E285-6A2453BCC795}.Debug|Any CPU.ActiveCfg = Debug|Any CPU
		{10DF2CB6-3675-1BC9-E285-6A2453BCC795}.Debug|Any CPU.Build.0 = Debug|Any CPU
		{10DF2CB6-3675-1BC9-E285-6A2453BCC795}.Release|Any CPU.ActiveCfg = Release|Any CPU
		{10DF2CB6-3675-1BC9-E285-6A2453BCC795}.Release|Any CPU.Build.0 = Release|Any CPU
	EndGlobalSection
	GlobalSection(SolutionProperties) = preSolution
		HideSolutionNode = FALSE
	EndGlobalSection
EndGlobal
